// !$*UTF8*$!
{
	archiveVersion = 1;
	classes = {
	};
	objectVersion = 56;
	objects = {

/* Begin PBXBuildFile section */
		C169A7DD29D8C5F600194F24 /* HKUnit.swift in Sources */ = {isa = PBXBuildFile; fileRef = C169A7DC29D8C5F600194F24 /* HKUnit.swift */; };
		C169A7E029D8DA9500194F24 /* QuantityParser.swift in Sources */ = {isa = PBXBuildFile; fileRef = C169A7DF29D8DA9500194F24 /* QuantityParser.swift */; };
		C169A7E229D8DAB900194F24 /* DebugDateParser.swift in Sources */ = {isa = PBXBuildFile; fileRef = C169A7E129D8DAB900194F24 /* DebugDateParser.swift */; };
		C169A7E429D8DAE100194F24 /* AttributeParser.swift in Sources */ = {isa = PBXBuildFile; fileRef = C169A7E329D8DAE100194F24 /* AttributeParser.swift */; };
		C169A7E629D8DB2800194F24 /* GlucoseTrend.swift in Sources */ = {isa = PBXBuildFile; fileRef = C169A7E529D8DB2800194F24 /* GlucoseTrend.swift */; };
		C169A7E829D8DB4400194F24 /* ParsingError.swift in Sources */ = {isa = PBXBuildFile; fileRef = C169A7E729D8DB4400194F24 /* ParsingError.swift */; };
		C17204C629D3BEC900EA788D /* Parsing in Frameworks */ = {isa = PBXBuildFile; productRef = C17204C529D3BEC900EA788D /* Parsing */; };
		C17204C929D7313F00EA788D /* OptionalParser.swift in Sources */ = {isa = PBXBuildFile; fileRef = C17204C829D7313F00EA788D /* OptionalParser.swift */; };
		C175D4FF29D8DC11006A049C /* StoredGlucoseSampleParser.swift in Sources */ = {isa = PBXBuildFile; fileRef = C175D4FE29D8DC11006A049C /* StoredGlucoseSampleParser.swift */; };
		C181BC9C29D3B72400F25DB3 /* ParseIssueReportApp.swift in Sources */ = {isa = PBXBuildFile; fileRef = C181BC9B29D3B72400F25DB3 /* ParseIssueReportApp.swift */; };
		C181BC9E29D3B72400F25DB3 /* ContentView.swift in Sources */ = {isa = PBXBuildFile; fileRef = C181BC9D29D3B72400F25DB3 /* ContentView.swift */; };
		C181BCA029D3B72500F25DB3 /* Assets.xcassets in Resources */ = {isa = PBXBuildFile; fileRef = C181BC9F29D3B72500F25DB3 /* Assets.xcassets */; };
		C181BCA329D3B72500F25DB3 /* Preview Assets.xcassets in Resources */ = {isa = PBXBuildFile; fileRef = C181BCA229D3B72500F25DB3 /* Preview Assets.xcassets */; };
		C181BCAC29D3B91B00F25DB3 /* IssueReportParser.swift in Sources */ = {isa = PBXBuildFile; fileRef = C181BCAB29D3B91B00F25DB3 /* IssueReportParser.swift */; };
		C1CC897329D9D4AE00BE0692 /* DoseEntryParser.swift in Sources */ = {isa = PBXBuildFile; fileRef = C1CC897229D9D4AE00BE0692 /* DoseEntryParser.swift */; };
		C1CC897529D9D96900BE0692 /* DoseTypeParser.swift in Sources */ = {isa = PBXBuildFile; fileRef = C1CC897429D9D96900BE0692 /* DoseTypeParser.swift */; };
		C1CC897729DA20A400BE0692 /* LoopSettingsParser.swift in Sources */ = {isa = PBXBuildFile; fileRef = C1CC897629DA20A400BE0692 /* LoopSettingsParser.swift */; };
		C1CC897929DA2A4200BE0692 /* HKUnitParser.swift in Sources */ = {isa = PBXBuildFile; fileRef = C1CC897829DA2A4200BE0692 /* HKUnitParser.swift */; };
		C1CC897B29DA2DDC00BE0692 /* TimeZoneParser.swift in Sources */ = {isa = PBXBuildFile; fileRef = C1CC897A29DA2DDC00BE0692 /* TimeZoneParser.swift */; };
		C1CC897D29DA3B6200BE0692 /* DoubleRangeParser.swift in Sources */ = {isa = PBXBuildFile; fileRef = C1CC897C29DA3B6200BE0692 /* DoubleRangeParser.swift */; };
		C1CC897F29DA49ED00BE0692 /* RepeatingScheduleValueParser.swift in Sources */ = {isa = PBXBuildFile; fileRef = C1CC897E29DA49ED00BE0692 /* RepeatingScheduleValueParser.swift */; };
		C1CC898129DA4A2B00BE0692 /* DailyQuantityScheduleParser.swift in Sources */ = {isa = PBXBuildFile; fileRef = C1CC898029DA4A2B00BE0692 /* DailyQuantityScheduleParser.swift */; };
		C1CC898329DA4AFE00BE0692 /* GlucoseRangeScheduleParser.swift in Sources */ = {isa = PBXBuildFile; fileRef = C1CC898229DA4AFE00BE0692 /* GlucoseRangeScheduleParser.swift */; };
		C1CC898529DA565A00BE0692 /* DailyValueScheduleParser.swift in Sources */ = {isa = PBXBuildFile; fileRef = C1CC898429DA565A00BE0692 /* DailyValueScheduleParser.swift */; };
		C1CC898729DA5A3C00BE0692 /* TemporaryScheduleOverridePresetParser.swift in Sources */ = {isa = PBXBuildFile; fileRef = C1CC898629DA5A3C00BE0692 /* TemporaryScheduleOverridePresetParser.swift */; };
		C1CC898929DB045000BE0692 /* GlucoseThresholdParser.swift in Sources */ = {isa = PBXBuildFile; fileRef = C1CC898829DB045000BE0692 /* GlucoseThresholdParser.swift */; };
		C1CC898B29DB064200BE0692 /* AutomaticDosingStrategyParser.swift in Sources */ = {isa = PBXBuildFile; fileRef = C1CC898A29DB064200BE0692 /* AutomaticDosingStrategyParser.swift */; };
		C1CC898D29DB079D00BE0692 /* ExponentialInsulinModelPresetParser.swift in Sources */ = {isa = PBXBuildFile; fileRef = C1CC898C29DB079D00BE0692 /* ExponentialInsulinModelPresetParser.swift */; };
		C1CC898F29DB08FD00BE0692 /* ExponentialInsulinModelParser.swift in Sources */ = {isa = PBXBuildFile; fileRef = C1CC898E29DB08FD00BE0692 /* ExponentialInsulinModelParser.swift */; };
		C1CC899429DB1B7E00BE0692 /* issue_report.md in Resources */ = {isa = PBXBuildFile; fileRef = C1CC899329DB1B7E00BE0692 /* issue_report.md */; };
		C1CC899629DB1BAD00BE0692 /* BuildDetailsParser.swift in Sources */ = {isa = PBXBuildFile; fileRef = C1CC899529DB1BAD00BE0692 /* BuildDetailsParser.swift */; };
		C1CC899829DB239500BE0692 /* RestOfLine.swift in Sources */ = {isa = PBXBuildFile; fileRef = C1CC899729DB239500BE0692 /* RestOfLine.swift */; };
		C1CC899A29DB287400BE0692 /* AttributeValueParser.swift in Sources */ = {isa = PBXBuildFile; fileRef = C1CC899929DB287400BE0692 /* AttributeValueParser.swift */; };
/* End PBXBuildFile section */

/* Begin PBXFileReference section */
		C169A7DC29D8C5F600194F24 /* HKUnit.swift */ = {isa = PBXFileReference; lastKnownFileType = sourcecode.swift; path = HKUnit.swift; sourceTree = "<group>"; };
		C169A7DF29D8DA9500194F24 /* QuantityParser.swift */ = {isa = PBXFileReference; lastKnownFileType = sourcecode.swift; path = QuantityParser.swift; sourceTree = "<group>"; };
		C169A7E129D8DAB900194F24 /* DebugDateParser.swift */ = {isa = PBXFileReference; lastKnownFileType = sourcecode.swift; path = DebugDateParser.swift; sourceTree = "<group>"; };
		C169A7E329D8DAE100194F24 /* AttributeParser.swift */ = {isa = PBXFileReference; lastKnownFileType = sourcecode.swift; path = AttributeParser.swift; sourceTree = "<group>"; };
		C169A7E529D8DB2800194F24 /* GlucoseTrend.swift */ = {isa = PBXFileReference; lastKnownFileType = sourcecode.swift; path = GlucoseTrend.swift; sourceTree = "<group>"; };
		C169A7E729D8DB4400194F24 /* ParsingError.swift */ = {isa = PBXFileReference; lastKnownFileType = sourcecode.swift; path = ParsingError.swift; sourceTree = "<group>"; };
		C17204C729D3CFF200EA788D /* swift-parsing */ = {isa = PBXFileReference; lastKnownFileType = wrapper; name = "swift-parsing"; path = "../swift-parsing"; sourceTree = "<group>"; };
		C17204C829D7313F00EA788D /* OptionalParser.swift */ = {isa = PBXFileReference; lastKnownFileType = sourcecode.swift; path = OptionalParser.swift; sourceTree = "<group>"; };
		C175D4FE29D8DC11006A049C /* StoredGlucoseSampleParser.swift */ = {isa = PBXFileReference; lastKnownFileType = sourcecode.swift; path = StoredGlucoseSampleParser.swift; sourceTree = "<group>"; };
		C181BC9829D3B72400F25DB3 /* ParseIssueReport.app */ = {isa = PBXFileReference; explicitFileType = wrapper.application; includeInIndex = 0; path = ParseIssueReport.app; sourceTree = BUILT_PRODUCTS_DIR; };
		C181BC9B29D3B72400F25DB3 /* ParseIssueReportApp.swift */ = {isa = PBXFileReference; lastKnownFileType = sourcecode.swift; path = ParseIssueReportApp.swift; sourceTree = "<group>"; };
		C181BC9D29D3B72400F25DB3 /* ContentView.swift */ = {isa = PBXFileReference; lastKnownFileType = sourcecode.swift; path = ContentView.swift; sourceTree = "<group>"; };
		C181BC9F29D3B72500F25DB3 /* Assets.xcassets */ = {isa = PBXFileReference; lastKnownFileType = folder.assetcatalog; path = Assets.xcassets; sourceTree = "<group>"; };
		C181BCA229D3B72500F25DB3 /* Preview Assets.xcassets */ = {isa = PBXFileReference; lastKnownFileType = folder.assetcatalog; path = "Preview Assets.xcassets"; sourceTree = "<group>"; };
		C181BCAB29D3B91B00F25DB3 /* IssueReportParser.swift */ = {isa = PBXFileReference; lastKnownFileType = sourcecode.swift; path = IssueReportParser.swift; sourceTree = "<group>"; };
		C1CC897229D9D4AE00BE0692 /* DoseEntryParser.swift */ = {isa = PBXFileReference; lastKnownFileType = sourcecode.swift; path = DoseEntryParser.swift; sourceTree = "<group>"; };
		C1CC897429D9D96900BE0692 /* DoseTypeParser.swift */ = {isa = PBXFileReference; lastKnownFileType = sourcecode.swift; path = DoseTypeParser.swift; sourceTree = "<group>"; };
		C1CC897629DA20A400BE0692 /* LoopSettingsParser.swift */ = {isa = PBXFileReference; lastKnownFileType = sourcecode.swift; path = LoopSettingsParser.swift; sourceTree = "<group>"; };
		C1CC897829DA2A4200BE0692 /* HKUnitParser.swift */ = {isa = PBXFileReference; lastKnownFileType = sourcecode.swift; path = HKUnitParser.swift; sourceTree = "<group>"; };
		C1CC897A29DA2DDC00BE0692 /* TimeZoneParser.swift */ = {isa = PBXFileReference; lastKnownFileType = sourcecode.swift; path = TimeZoneParser.swift; sourceTree = "<group>"; };
		C1CC897C29DA3B6200BE0692 /* DoubleRangeParser.swift */ = {isa = PBXFileReference; lastKnownFileType = sourcecode.swift; path = DoubleRangeParser.swift; sourceTree = "<group>"; };
		C1CC897E29DA49ED00BE0692 /* RepeatingScheduleValueParser.swift */ = {isa = PBXFileReference; lastKnownFileType = sourcecode.swift; path = RepeatingScheduleValueParser.swift; sourceTree = "<group>"; };
		C1CC898029DA4A2B00BE0692 /* DailyQuantityScheduleParser.swift */ = {isa = PBXFileReference; lastKnownFileType = sourcecode.swift; path = DailyQuantityScheduleParser.swift; sourceTree = "<group>"; };
		C1CC898229DA4AFE00BE0692 /* GlucoseRangeScheduleParser.swift */ = {isa = PBXFileReference; lastKnownFileType = sourcecode.swift; path = GlucoseRangeScheduleParser.swift; sourceTree = "<group>"; };
		C1CC898429DA565A00BE0692 /* DailyValueScheduleParser.swift */ = {isa = PBXFileReference; lastKnownFileType = sourcecode.swift; path = DailyValueScheduleParser.swift; sourceTree = "<group>"; };
		C1CC898629DA5A3C00BE0692 /* TemporaryScheduleOverridePresetParser.swift */ = {isa = PBXFileReference; lastKnownFileType = sourcecode.swift; path = TemporaryScheduleOverridePresetParser.swift; sourceTree = "<group>"; };
		C1CC898829DB045000BE0692 /* GlucoseThresholdParser.swift */ = {isa = PBXFileReference; lastKnownFileType = sourcecode.swift; path = GlucoseThresholdParser.swift; sourceTree = "<group>"; };
		C1CC898A29DB064200BE0692 /* AutomaticDosingStrategyParser.swift */ = {isa = PBXFileReference; lastKnownFileType = sourcecode.swift; path = AutomaticDosingStrategyParser.swift; sourceTree = "<group>"; };
		C1CC898C29DB079D00BE0692 /* ExponentialInsulinModelPresetParser.swift */ = {isa = PBXFileReference; lastKnownFileType = sourcecode.swift; path = ExponentialInsulinModelPresetParser.swift; sourceTree = "<group>"; };
		C1CC898E29DB08FD00BE0692 /* ExponentialInsulinModelParser.swift */ = {isa = PBXFileReference; lastKnownFileType = sourcecode.swift; path = ExponentialInsulinModelParser.swift; sourceTree = "<group>"; };
		C1CC899329DB1B7E00BE0692 /* issue_report.md */ = {isa = PBXFileReference; fileEncoding = 4; lastKnownFileType = net.daringfireball.markdown; path = issue_report.md; sourceTree = "<group>"; };
		C1CC899529DB1BAD00BE0692 /* BuildDetailsParser.swift */ = {isa = PBXFileReference; lastKnownFileType = sourcecode.swift; path = BuildDetailsParser.swift; sourceTree = "<group>"; };
		C1CC899729DB239500BE0692 /* RestOfLine.swift */ = {isa = PBXFileReference; lastKnownFileType = sourcecode.swift; path = RestOfLine.swift; sourceTree = "<group>"; };
		C1CC899929DB287400BE0692 /* AttributeValueParser.swift */ = {isa = PBXFileReference; lastKnownFileType = sourcecode.swift; path = AttributeValueParser.swift; sourceTree = "<group>"; };
/* End PBXFileReference section */

/* Begin PBXFrameworksBuildPhase section */
		C181BC9529D3B72400F25DB3 /* Frameworks */ = {
			isa = PBXFrameworksBuildPhase;
			buildActionMask = 2147483647;
			files = (
				C17204C629D3BEC900EA788D /* Parsing in Frameworks */,
			);
			runOnlyForDeploymentPostprocessing = 0;
		};
/* End PBXFrameworksBuildPhase section */

/* Begin PBXGroup section */
		C169A7DB29D8C5E700194F24 /* Extensions */ = {
			isa = PBXGroup;
			children = (
				C169A7DC29D8C5F600194F24 /* HKUnit.swift */,
			);
			path = Extensions;
			sourceTree = "<group>";
		};
		C169A7DE29D8DA8B00194F24 /* Parsers */ = {
			isa = PBXGroup;
			children = (
				C169A7E329D8DAE100194F24 /* AttributeParser.swift */,
				C1CC899929DB287400BE0692 /* AttributeValueParser.swift */,
				C1CC898A29DB064200BE0692 /* AutomaticDosingStrategyParser.swift */,
				C1CC899529DB1BAD00BE0692 /* BuildDetailsParser.swift */,
				C1CC898029DA4A2B00BE0692 /* DailyQuantityScheduleParser.swift */,
				C1CC898429DA565A00BE0692 /* DailyValueScheduleParser.swift */,
				C169A7E129D8DAB900194F24 /* DebugDateParser.swift */,
				C1CC897229D9D4AE00BE0692 /* DoseEntryParser.swift */,
				C1CC897429D9D96900BE0692 /* DoseTypeParser.swift */,
				C1CC897C29DA3B6200BE0692 /* DoubleRangeParser.swift */,
				C1CC898E29DB08FD00BE0692 /* ExponentialInsulinModelParser.swift */,
				C1CC898C29DB079D00BE0692 /* ExponentialInsulinModelPresetParser.swift */,
				C1CC898229DA4AFE00BE0692 /* GlucoseRangeScheduleParser.swift */,
				C1CC898829DB045000BE0692 /* GlucoseThresholdParser.swift */,
				C169A7E529D8DB2800194F24 /* GlucoseTrend.swift */,
				C1CC897829DA2A4200BE0692 /* HKUnitParser.swift */,
				C181BCAB29D3B91B00F25DB3 /* IssueReportParser.swift */,
				C1CC897629DA20A400BE0692 /* LoopSettingsParser.swift */,
				C17204C829D7313F00EA788D /* OptionalParser.swift */,
				C169A7DF29D8DA9500194F24 /* QuantityParser.swift */,
				C1CC897E29DA49ED00BE0692 /* RepeatingScheduleValueParser.swift */,
				C1CC899729DB239500BE0692 /* RestOfLine.swift */,
				C175D4FE29D8DC11006A049C /* StoredGlucoseSampleParser.swift */,
				C1CC898629DA5A3C00BE0692 /* TemporaryScheduleOverridePresetParser.swift */,
				C1CC897A29DA2DDC00BE0692 /* TimeZoneParser.swift */,
			);
			path = Parsers;
			sourceTree = "<group>";
		};
		C181BC8F29D3B72400F25DB3 = {
			isa = PBXGroup;
			children = (
				C181BCA929D3B84600F25DB3 /* Packages */,
				C181BC9A29D3B72400F25DB3 /* ParseIssueReport */,
				C181BC9929D3B72400F25DB3 /* Products */,
			);
			sourceTree = "<group>";
		};
		C181BC9929D3B72400F25DB3 /* Products */ = {
			isa = PBXGroup;
			children = (
				C181BC9829D3B72400F25DB3 /* ParseIssueReport.app */,
			);
			name = Products;
			sourceTree = "<group>";
		};
		C181BC9A29D3B72400F25DB3 /* ParseIssueReport */ = {
			isa = PBXGroup;
			children = (
				C1CC899029DB0ED700BE0692 /* Examples */,
				C169A7DE29D8DA8B00194F24 /* Parsers */,
				C169A7DB29D8C5E700194F24 /* Extensions */,
				C181BC9B29D3B72400F25DB3 /* ParseIssueReportApp.swift */,
				C181BC9D29D3B72400F25DB3 /* ContentView.swift */,
				C181BC9F29D3B72500F25DB3 /* Assets.xcassets */,
				C181BCA129D3B72500F25DB3 /* Preview Content */,
				C169A7E729D8DB4400194F24 /* ParsingError.swift */,
			);
			path = ParseIssueReport;
			sourceTree = "<group>";
		};
		C181BCA129D3B72500F25DB3 /* Preview Content */ = {
			isa = PBXGroup;
			children = (
				C181BCA229D3B72500F25DB3 /* Preview Assets.xcassets */,
			);
			path = "Preview Content";
			sourceTree = "<group>";
		};
		C181BCA929D3B84600F25DB3 /* Packages */ = {
			isa = PBXGroup;
			children = (
				C17204C729D3CFF200EA788D /* swift-parsing */,
			);
			name = Packages;
			sourceTree = "<group>";
		};
		C1CC899029DB0ED700BE0692 /* Examples */ = {
			isa = PBXGroup;
			children = (
				C1CC899329DB1B7E00BE0692 /* issue_report.md */,
			);
			path = Examples;
			sourceTree = "<group>";
		};
/* End PBXGroup section */

/* Begin PBXNativeTarget section */
		C181BC9729D3B72400F25DB3 /* ParseIssueReport */ = {
			isa = PBXNativeTarget;
			buildConfigurationList = C181BCA629D3B72500F25DB3 /* Build configuration list for PBXNativeTarget "ParseIssueReport" */;
			buildPhases = (
				C181BC9429D3B72400F25DB3 /* Sources */,
				C181BC9529D3B72400F25DB3 /* Frameworks */,
				C181BC9629D3B72400F25DB3 /* Resources */,
			);
			buildRules = (
			);
			dependencies = (
			);
			name = ParseIssueReport;
			packageProductDependencies = (
				C17204C529D3BEC900EA788D /* Parsing */,
			);
			productName = ParseIssueReport;
			productReference = C181BC9829D3B72400F25DB3 /* ParseIssueReport.app */;
			productType = "com.apple.product-type.application";
		};
/* End PBXNativeTarget section */

/* Begin PBXProject section */
		C181BC9029D3B72400F25DB3 /* Project object */ = {
			isa = PBXProject;
			attributes = {
				BuildIndependentTargetsInParallel = 1;
				LastSwiftUpdateCheck = 1430;
				LastUpgradeCheck = 1430;
				TargetAttributes = {
					C181BC9729D3B72400F25DB3 = {
						CreatedOnToolsVersion = 14.3;
					};
				};
			};
			buildConfigurationList = C181BC9329D3B72400F25DB3 /* Build configuration list for PBXProject "ParseIssueReport" */;
			compatibilityVersion = "Xcode 14.0";
			developmentRegion = en;
			hasScannedForEncodings = 0;
			knownRegions = (
				en,
				Base,
			);
			mainGroup = C181BC8F29D3B72400F25DB3;
			packageReferences = (
				C17204C429D3BEC900EA788D /* XCRemoteSwiftPackageReference "swift-parsing" */,
			);
			productRefGroup = C181BC9929D3B72400F25DB3 /* Products */;
			projectDirPath = "";
			projectRoot = "";
			targets = (
				C181BC9729D3B72400F25DB3 /* ParseIssueReport */,
			);
		};
/* End PBXProject section */

/* Begin PBXResourcesBuildPhase section */
		C181BC9629D3B72400F25DB3 /* Resources */ = {
			isa = PBXResourcesBuildPhase;
			buildActionMask = 2147483647;
			files = (
				C181BCA329D3B72500F25DB3 /* Preview Assets.xcassets in Resources */,
				C1CC899429DB1B7E00BE0692 /* issue_report.md in Resources */,
				C181BCA029D3B72500F25DB3 /* Assets.xcassets in Resources */,
			);
			runOnlyForDeploymentPostprocessing = 0;
		};
/* End PBXResourcesBuildPhase section */

/* Begin PBXSourcesBuildPhase section */
		C181BC9429D3B72400F25DB3 /* Sources */ = {
			isa = PBXSourcesBuildPhase;
			buildActionMask = 2147483647;
			files = (
				C169A7E629D8DB2800194F24 /* GlucoseTrend.swift in Sources */,
				C175D4FF29D8DC11006A049C /* StoredGlucoseSampleParser.swift in Sources */,
				C1CC897929DA2A4200BE0692 /* HKUnitParser.swift in Sources */,
				C181BCAC29D3B91B00F25DB3 /* IssueReportParser.swift in Sources */,
				C1CC898329DA4AFE00BE0692 /* GlucoseRangeScheduleParser.swift in Sources */,
				C169A7E429D8DAE100194F24 /* AttributeParser.swift in Sources */,
				C169A7E029D8DA9500194F24 /* QuantityParser.swift in Sources */,
				C181BC9E29D3B72400F25DB3 /* ContentView.swift in Sources */,
				C1CC899629DB1BAD00BE0692 /* BuildDetailsParser.swift in Sources */,
				C1CC898929DB045000BE0692 /* GlucoseThresholdParser.swift in Sources */,
				C1CC897B29DA2DDC00BE0692 /* TimeZoneParser.swift in Sources */,
				C1CC897729DA20A400BE0692 /* LoopSettingsParser.swift in Sources */,
				C1CC898129DA4A2B00BE0692 /* DailyQuantityScheduleParser.swift in Sources */,
				C1CC897329D9D4AE00BE0692 /* DoseEntryParser.swift in Sources */,
				C1CC898729DA5A3C00BE0692 /* TemporaryScheduleOverridePresetParser.swift in Sources */,
				C169A7E229D8DAB900194F24 /* DebugDateParser.swift in Sources */,
				C1CC897F29DA49ED00BE0692 /* RepeatingScheduleValueParser.swift in Sources */,
				C1CC897D29DA3B6200BE0692 /* DoubleRangeParser.swift in Sources */,
				C1CC899829DB239500BE0692 /* RestOfLine.swift in Sources */,
				C1CC898B29DB064200BE0692 /* AutomaticDosingStrategyParser.swift in Sources */,
				C181BC9C29D3B72400F25DB3 /* ParseIssueReportApp.swift in Sources */,
				C17204C929D7313F00EA788D /* OptionalParser.swift in Sources */,
				C1CC898D29DB079D00BE0692 /* ExponentialInsulinModelPresetParser.swift in Sources */,
				C1CC899A29DB287400BE0692 /* AttributeValueParser.swift in Sources */,
				C169A7DD29D8C5F600194F24 /* HKUnit.swift in Sources */,
				C169A7E829D8DB4400194F24 /* ParsingError.swift in Sources */,
				C1CC898F29DB08FD00BE0692 /* ExponentialInsulinModelParser.swift in Sources */,
				C1CC898529DA565A00BE0692 /* DailyValueScheduleParser.swift in Sources */,
				C1CC897529D9D96900BE0692 /* DoseTypeParser.swift in Sources */,
			);
			runOnlyForDeploymentPostprocessing = 0;
		};
/* End PBXSourcesBuildPhase section */

/* Begin XCBuildConfiguration section */
		C181BCA429D3B72500F25DB3 /* Debug */ = {
			isa = XCBuildConfiguration;
			buildSettings = {
				ALWAYS_SEARCH_USER_PATHS = NO;
				CLANG_ANALYZER_NONNULL = YES;
				CLANG_ANALYZER_NUMBER_OBJECT_CONVERSION = YES_AGGRESSIVE;
				CLANG_CXX_LANGUAGE_STANDARD = "gnu++20";
				CLANG_ENABLE_MODULES = YES;
				CLANG_ENABLE_OBJC_ARC = YES;
				CLANG_ENABLE_OBJC_WEAK = YES;
				CLANG_WARN_BLOCK_CAPTURE_AUTORELEASING = YES;
				CLANG_WARN_BOOL_CONVERSION = YES;
				CLANG_WARN_COMMA = YES;
				CLANG_WARN_CONSTANT_CONVERSION = YES;
				CLANG_WARN_DEPRECATED_OBJC_IMPLEMENTATIONS = YES;
				CLANG_WARN_DIRECT_OBJC_ISA_USAGE = YES_ERROR;
				CLANG_WARN_DOCUMENTATION_COMMENTS = YES;
				CLANG_WARN_EMPTY_BODY = YES;
				CLANG_WARN_ENUM_CONVERSION = YES;
				CLANG_WARN_INFINITE_RECURSION = YES;
				CLANG_WARN_INT_CONVERSION = YES;
				CLANG_WARN_NON_LITERAL_NULL_CONVERSION = YES;
				CLANG_WARN_OBJC_IMPLICIT_RETAIN_SELF = YES;
				CLANG_WARN_OBJC_LITERAL_CONVERSION = YES;
				CLANG_WARN_OBJC_ROOT_CLASS = YES_ERROR;
				CLANG_WARN_QUOTED_INCLUDE_IN_FRAMEWORK_HEADER = YES;
				CLANG_WARN_RANGE_LOOP_ANALYSIS = YES;
				CLANG_WARN_STRICT_PROTOTYPES = YES;
				CLANG_WARN_SUSPICIOUS_MOVE = YES;
				CLANG_WARN_UNGUARDED_AVAILABILITY = YES_AGGRESSIVE;
				CLANG_WARN_UNREACHABLE_CODE = YES;
				CLANG_WARN__DUPLICATE_METHOD_MATCH = YES;
				COPY_PHASE_STRIP = NO;
				DEBUG_INFORMATION_FORMAT = dwarf;
				ENABLE_STRICT_OBJC_MSGSEND = YES;
				ENABLE_TESTABILITY = YES;
				GCC_C_LANGUAGE_STANDARD = gnu11;
				GCC_DYNAMIC_NO_PIC = NO;
				GCC_NO_COMMON_BLOCKS = YES;
				GCC_OPTIMIZATION_LEVEL = 0;
				GCC_PREPROCESSOR_DEFINITIONS = (
					"DEBUG=1",
					"$(inherited)",
				);
				GCC_WARN_64_TO_32_BIT_CONVERSION = YES;
				GCC_WARN_ABOUT_RETURN_TYPE = YES_ERROR;
				GCC_WARN_UNDECLARED_SELECTOR = YES;
				GCC_WARN_UNINITIALIZED_AUTOS = YES_AGGRESSIVE;
				GCC_WARN_UNUSED_FUNCTION = YES;
				GCC_WARN_UNUSED_VARIABLE = YES;
				IPHONEOS_DEPLOYMENT_TARGET = 16.0;
				MTL_ENABLE_DEBUG_INFO = INCLUDE_SOURCE;
				MTL_FAST_MATH = YES;
				ONLY_ACTIVE_ARCH = YES;
				SDKROOT = iphoneos;
				SWIFT_ACTIVE_COMPILATION_CONDITIONS = DEBUG;
				SWIFT_OPTIMIZATION_LEVEL = "-Onone";
			};
			name = Debug;
		};
		C181BCA529D3B72500F25DB3 /* Release */ = {
			isa = XCBuildConfiguration;
			buildSettings = {
				ALWAYS_SEARCH_USER_PATHS = NO;
				CLANG_ANALYZER_NONNULL = YES;
				CLANG_ANALYZER_NUMBER_OBJECT_CONVERSION = YES_AGGRESSIVE;
				CLANG_CXX_LANGUAGE_STANDARD = "gnu++20";
				CLANG_ENABLE_MODULES = YES;
				CLANG_ENABLE_OBJC_ARC = YES;
				CLANG_ENABLE_OBJC_WEAK = YES;
				CLANG_WARN_BLOCK_CAPTURE_AUTORELEASING = YES;
				CLANG_WARN_BOOL_CONVERSION = YES;
				CLANG_WARN_COMMA = YES;
				CLANG_WARN_CONSTANT_CONVERSION = YES;
				CLANG_WARN_DEPRECATED_OBJC_IMPLEMENTATIONS = YES;
				CLANG_WARN_DIRECT_OBJC_ISA_USAGE = YES_ERROR;
				CLANG_WARN_DOCUMENTATION_COMMENTS = YES;
				CLANG_WARN_EMPTY_BODY = YES;
				CLANG_WARN_ENUM_CONVERSION = YES;
				CLANG_WARN_INFINITE_RECURSION = YES;
				CLANG_WARN_INT_CONVERSION = YES;
				CLANG_WARN_NON_LITERAL_NULL_CONVERSION = YES;
				CLANG_WARN_OBJC_IMPLICIT_RETAIN_SELF = YES;
				CLANG_WARN_OBJC_LITERAL_CONVERSION = YES;
				CLANG_WARN_OBJC_ROOT_CLASS = YES_ERROR;
				CLANG_WARN_QUOTED_INCLUDE_IN_FRAMEWORK_HEADER = YES;
				CLANG_WARN_RANGE_LOOP_ANALYSIS = YES;
				CLANG_WARN_STRICT_PROTOTYPES = YES;
				CLANG_WARN_SUSPICIOUS_MOVE = YES;
				CLANG_WARN_UNGUARDED_AVAILABILITY = YES_AGGRESSIVE;
				CLANG_WARN_UNREACHABLE_CODE = YES;
				CLANG_WARN__DUPLICATE_METHOD_MATCH = YES;
				COPY_PHASE_STRIP = NO;
				DEBUG_INFORMATION_FORMAT = "dwarf-with-dsym";
				ENABLE_NS_ASSERTIONS = NO;
				ENABLE_STRICT_OBJC_MSGSEND = YES;
				GCC_C_LANGUAGE_STANDARD = gnu11;
				GCC_NO_COMMON_BLOCKS = YES;
				GCC_WARN_64_TO_32_BIT_CONVERSION = YES;
				GCC_WARN_ABOUT_RETURN_TYPE = YES_ERROR;
				GCC_WARN_UNDECLARED_SELECTOR = YES;
				GCC_WARN_UNINITIALIZED_AUTOS = YES_AGGRESSIVE;
				GCC_WARN_UNUSED_FUNCTION = YES;
				GCC_WARN_UNUSED_VARIABLE = YES;
				IPHONEOS_DEPLOYMENT_TARGET = 16.0;
				MTL_ENABLE_DEBUG_INFO = NO;
				MTL_FAST_MATH = YES;
				SDKROOT = iphoneos;
				SWIFT_COMPILATION_MODE = wholemodule;
				SWIFT_OPTIMIZATION_LEVEL = "-O";
				VALIDATE_PRODUCT = YES;
			};
			name = Release;
		};
		C181BCA729D3B72500F25DB3 /* Debug */ = {
			isa = XCBuildConfiguration;
			buildSettings = {
				ASSETCATALOG_COMPILER_APPICON_NAME = AppIcon;
				ASSETCATALOG_COMPILER_GLOBAL_ACCENT_COLOR_NAME = AccentColor;
				CODE_SIGN_STYLE = Automatic;
				CURRENT_PROJECT_VERSION = 1;
				DEVELOPMENT_ASSET_PATHS = "\"ParseIssueReport/Preview Content\"";
				DEVELOPMENT_TEAM = UY678SP37Q;
				ENABLE_PREVIEWS = YES;
				GENERATE_INFOPLIST_FILE = YES;
				INFOPLIST_KEY_UIApplicationSceneManifest_Generation = YES;
				INFOPLIST_KEY_UIApplicationSupportsIndirectInputEvents = YES;
				INFOPLIST_KEY_UILaunchScreen_Generation = YES;
				INFOPLIST_KEY_UISupportedInterfaceOrientations_iPad = "UIInterfaceOrientationPortrait UIInterfaceOrientationPortraitUpsideDown UIInterfaceOrientationLandscapeLeft UIInterfaceOrientationLandscapeRight";
				INFOPLIST_KEY_UISupportedInterfaceOrientations_iPhone = "UIInterfaceOrientationPortrait UIInterfaceOrientationLandscapeLeft UIInterfaceOrientationLandscapeRight";
				LD_RUNPATH_SEARCH_PATHS = (
					"$(inherited)",
					"@executable_path/Frameworks",
				);
				MARKETING_VERSION = 1.0;
				PRODUCT_BUNDLE_IDENTIFIER = org.loopkit.ParseIssueReport;
				PRODUCT_NAME = "$(TARGET_NAME)";
				SUPPORTED_PLATFORMS = "iphoneos iphonesimulator";
				SUPPORTS_MACCATALYST = NO;
				SUPPORTS_MAC_DESIGNED_FOR_IPHONE_IPAD = NO;
				SWIFT_EMIT_LOC_STRINGS = YES;
				SWIFT_VERSION = 5.0;
				TARGETED_DEVICE_FAMILY = 1;
			};
			name = Debug;
		};
		C181BCA829D3B72500F25DB3 /* Release */ = {
			isa = XCBuildConfiguration;
			buildSettings = {
				ASSETCATALOG_COMPILER_APPICON_NAME = AppIcon;
				ASSETCATALOG_COMPILER_GLOBAL_ACCENT_COLOR_NAME = AccentColor;
				CODE_SIGN_STYLE = Automatic;
				CURRENT_PROJECT_VERSION = 1;
				DEVELOPMENT_ASSET_PATHS = "\"ParseIssueReport/Preview Content\"";
				DEVELOPMENT_TEAM = UY678SP37Q;
				ENABLE_PREVIEWS = YES;
				GENERATE_INFOPLIST_FILE = YES;
				INFOPLIST_KEY_UIApplicationSceneManifest_Generation = YES;
				INFOPLIST_KEY_UIApplicationSupportsIndirectInputEvents = YES;
				INFOPLIST_KEY_UILaunchScreen_Generation = YES;
				INFOPLIST_KEY_UISupportedInterfaceOrientations_iPad = "UIInterfaceOrientationPortrait UIInterfaceOrientationPortraitUpsideDown UIInterfaceOrientationLandscapeLeft UIInterfaceOrientationLandscapeRight";
				INFOPLIST_KEY_UISupportedInterfaceOrientations_iPhone = "UIInterfaceOrientationPortrait UIInterfaceOrientationLandscapeLeft UIInterfaceOrientationLandscapeRight";
				LD_RUNPATH_SEARCH_PATHS = (
					"$(inherited)",
					"@executable_path/Frameworks",
				);
				MARKETING_VERSION = 1.0;
				PRODUCT_BUNDLE_IDENTIFIER = org.loopkit.ParseIssueReport;
				PRODUCT_NAME = "$(TARGET_NAME)";
				SUPPORTED_PLATFORMS = "iphoneos iphonesimulator";
				SUPPORTS_MACCATALYST = NO;
				SUPPORTS_MAC_DESIGNED_FOR_IPHONE_IPAD = NO;
				SWIFT_EMIT_LOC_STRINGS = YES;
				SWIFT_VERSION = 5.0;
				TARGETED_DEVICE_FAMILY = 1;
			};
			name = Release;
		};
/* End XCBuildConfiguration section */

/* Begin XCConfigurationList section */
		C181BC9329D3B72400F25DB3 /* Build configuration list for PBXProject "ParseIssueReport" */ = {
			isa = XCConfigurationList;
			buildConfigurations = (
				C181BCA429D3B72500F25DB3 /* Debug */,
				C181BCA529D3B72500F25DB3 /* Release */,
			);
			defaultConfigurationIsVisible = 0;
			defaultConfigurationName = Release;
		};
		C181BCA629D3B72500F25DB3 /* Build configuration list for PBXNativeTarget "ParseIssueReport" */ = {
			isa = XCConfigurationList;
			buildConfigurations = (
				C181BCA729D3B72500F25DB3 /* Debug */,
				C181BCA829D3B72500F25DB3 /* Release */,
			);
			defaultConfigurationIsVisible = 0;
			defaultConfigurationName = Release;
		};
/* End XCConfigurationList section */

/* Begin XCRemoteSwiftPackageReference section */
		C17204C429D3BEC900EA788D /* XCRemoteSwiftPackageReference "swift-parsing" */ = {
			isa = XCRemoteSwiftPackageReference;
			repositoryURL = "https://github.com/pointfreeco/swift-parsing";
			requirement = {
				kind = upToNextMajorVersion;
				minimumVersion = 0.9.2;
			};
		};
/* End XCRemoteSwiftPackageReference section */

/* Begin XCSwiftPackageProductDependency section */
		C17204C529D3BEC900EA788D /* Parsing */ = {
			isa = XCSwiftPackageProductDependency;
			package = C17204C429D3BEC900EA788D /* XCRemoteSwiftPackageReference "swift-parsing" */;
			productName = Parsing;
		};
/* End XCSwiftPackageProductDependency section */
	};
	rootObject = C181BC9029D3B72400F25DB3 /* Project object */;
}
